
Microsoft Visual Studio Solution File, Format Version 12.00
# Visual Studio Version 17
VisualStudioVersion = 17.0.31903.59
MinimumVisualStudioVersion = 10.0.40219.1
Project("{2150E333-8FDC-42A3-9474-1A3956D46DE8}") = "src", "src", "{8E47A85D-1AB0-479F-96B0-5A4262C6BA2F}"
EndProject
Project("{FAE04EC0-301F-11D3-BF4B-00C04F79EFBC}") = "ForeverTools.AIML", "src\ForeverTools.AIML\ForeverTools.AIML.csproj", "{31A0546B-997F-443C-8723-5E1D4E648488}"
EndProject
Project("{2150E333-8FDC-42A3-9474-1A3956D46DE8}") = "tests", "tests", "{45978062-518E-4341-9209-17B5B0B6E831}"
EndProject
Project("{FAE04EC0-301F-11D3-BF4B-00C04F79EFBC}") = "ForeverTools.AIML.Tests", "tests\ForeverTools.AIML.Tests\ForeverTools.AIML.Tests.csproj", "{C0ADDB3A-84C0-4461-88A2-A21F7C309F48}"
EndProject
Project("{FAE04EC0-301F-11D3-BF4B-00C04F79EFBC}") = "ForeverTools.Captcha", "src\ForeverTools.Captcha\ForeverTools.Captcha.csproj", "{FDA7D2A4-2876-41E5-8361-7D2DFD380825}"
EndProject
Project("{FAE04EC0-301F-11D3-BF4B-00C04F79EFBC}") = "ForeverTools.Captcha.Tests", "tests\ForeverTools.Captcha.Tests\ForeverTools.Captcha.Tests.csproj", "{B7A310AC-15B0-4BF0-BB38-F29787D86AB3}"
EndProject
Project("{FAE04EC0-301F-11D3-BF4B-00C04F79EFBC}") = "ForeverTools.Postmark", "src\ForeverTools.Postmark\ForeverTools.Postmark.csproj", "{C79F41DE-174C-4AE8-B452-CC8BD6783327}"
EndProject
Project("{FAE04EC0-301F-11D3-BF4B-00C04F79EFBC}") = "ForeverTools.Postmark.Tests", "tests\ForeverTools.Postmark.Tests\ForeverTools.Postmark.Tests.csproj", "{705B8BC5-3F53-4677-A5E8-AC8A929992B1}"
EndProject
Project("{FAE04EC0-301F-11D3-BF4B-00C04F79EFBC}") = "ForeverTools.ScraperAPI", "src\ForeverTools.ScraperAPI\ForeverTools.ScraperAPI.csproj", "{E4038478-D289-4712-99F1-DDCACCA2F624}"
EndProject
Project("{FAE04EC0-301F-11D3-BF4B-00C04F79EFBC}") = "ForeverTools.ScraperAPI.Tests", "tests\ForeverTools.ScraperAPI.Tests\ForeverTools.ScraperAPI.Tests.csproj", "{37913EEE-BB14-4ED4-AC06-273543797F8B}"
EndProject
Project("{FAE04EC0-301F-11D3-BF4B-00C04F79EFBC}") = "ForeverTools.APILayer", "src\ForeverTools.APILayer\ForeverTools.APILayer.csproj", "{A1B2C3D4-E5F6-7890-ABCD-EF1234567890}"
EndProject
Project("{FAE04EC0-301F-11D3-BF4B-00C04F79EFBC}") = "ForeverTools.APILayer.Tests", "tests\ForeverTools.APILayer.Tests\ForeverTools.APILayer.Tests.csproj", "{B2C3D4E5-F678-90AB-CDEF-123456789ABC}"
EndProject
Project("{FAE04EC0-301F-11D3-BF4B-00C04F79EFBC}") = "ForeverTools.OCR", "src\ForeverTools.OCR\ForeverTools.OCR.csproj", "{C3D4E5F6-7890-ABCD-EF12-34567890ABCD}"
EndProject
Project("{FAE04EC0-301F-11D3-BF4B-00C04F79EFBC}") = "ForeverTools.OCR.Tests", "tests\ForeverTools.OCR.Tests\ForeverTools.OCR.Tests.csproj", "{D4E5F678-90AB-CDEF-1234-567890ABCDEF}"
EndProject
Project("{FAE04EC0-301F-11D3-BF4B-00C04F79EFBC}") = "ForeverTools.ImageGen", "src\ForeverTools.ImageGen\ForeverTools.ImageGen.csproj", "{E5F67890-ABCD-EF12-3456-7890ABCDEF01}"
EndProject
Project("{FAE04EC0-301F-11D3-BF4B-00C04F79EFBC}") = "ForeverTools.ImageGen.Tests", "tests\ForeverTools.ImageGen.Tests\ForeverTools.ImageGen.Tests.csproj", "{F6789012-CDEF-0123-4567-890ABCDEF012}"
EndProject
Project("{FAE04EC0-301F-11D3-BF4B-00C04F79EFBC}") = "ForeverTools.Proxy", "src\ForeverTools.Proxy\ForeverTools.Proxy.csproj", "{3E465D59-33C3-4F90-B210-391B8152775D}"
EndProject
Project("{FAE04EC0-301F-11D3-BF4B-00C04F79EFBC}") = "ForeverTools.Proxy.Tests", "tests\ForeverTools.Proxy.Tests\ForeverTools.Proxy.Tests.csproj", "{E9CBC1D5-D3FE-4F5F-9783-A7D2B6375325}"
EndProject
Global
	GlobalSection(SolutionConfigurationPlatforms) = preSolution
		Debug|Any CPU = Debug|Any CPU
		Release|Any CPU = Release|Any CPU
	EndGlobalSection
	GlobalSection(SolutionProperties) = preSolution
		HideSolutionNode = FALSE
	EndGlobalSection
	GlobalSection(ProjectConfigurationPlatforms) = postSolution
		{31A0546B-997F-443C-8723-5E1D4E648488}.Debug|Any CPU.ActiveCfg = Debug|Any CPU
		{31A0546B-997F-443C-8723-5E1D4E648488}.Debug|Any CPU.Build.0 = Debug|Any CPU
		{31A0546B-997F-443C-8723-5E1D4E648488}.Release|Any CPU.ActiveCfg = Release|Any CPU
		{31A0546B-997F-443C-8723-5E1D4E648488}.Release|Any CPU.Build.0 = Release|Any CPU
		{C0ADDB3A-84C0-4461-88A2-A21F7C309F48}.Debug|Any CPU.ActiveCfg = Debug|Any CPU
		{C0ADDB3A-84C0-4461-88A2-A21F7C309F48}.Debug|Any CPU.Build.0 = Debug|Any CPU
		{C0ADDB3A-84C0-4461-88A2-A21F7C309F48}.Release|Any CPU.ActiveCfg = Release|Any CPU
		{C0ADDB3A-84C0-4461-88A2-A21F7C309F48}.Release|Any CPU.Build.0 = Release|Any CPU
		{FDA7D2A4-2876-41E5-8361-7D2DFD380825}.Debug|Any CPU.ActiveCfg = Debug|Any CPU
		{FDA7D2A4-2876-41E5-8361-7D2DFD380825}.Debug|Any CPU.Build.0 = Debug|Any CPU
		{FDA7D2A4-2876-41E5-8361-7D2DFD380825}.Release|Any CPU.ActiveCfg = Release|Any CPU
		{FDA7D2A4-2876-41E5-8361-7D2DFD380825}.Release|Any CPU.Build.0 = Release|Any CPU
		{B7A310AC-15B0-4BF0-BB38-F29787D86AB3}.Debug|Any CPU.ActiveCfg = Debug|Any CPU
		{B7A310AC-15B0-4BF0-BB38-F29787D86AB3}.Debug|Any CPU.Build.0 = Debug|Any CPU
		{B7A310AC-15B0-4BF0-BB38-F29787D86AB3}.Release|Any CPU.ActiveCfg = Release|Any CPU
		{B7A310AC-15B0-4BF0-BB38-F29787D86AB3}.Release|Any CPU.Build.0 = Release|Any CPU
		{C79F41DE-174C-4AE8-B452-CC8BD6783327}.Debug|Any CPU.ActiveCfg = Debug|Any CPU
		{C79F41DE-174C-4AE8-B452-CC8BD6783327}.Debug|Any CPU.Build.0 = Debug|Any CPU
		{C79F41DE-174C-4AE8-B452-CC8BD6783327}.Release|Any CPU.ActiveCfg = Release|Any CPU
		{C79F41DE-174C-4AE8-B452-CC8BD6783327}.Release|Any CPU.Build.0 = Release|Any CPU
		{705B8BC5-3F53-4677-A5E8-AC8A929992B1}.Debug|Any CPU.ActiveCfg = Debug|Any CPU
		{705B8BC5-3F53-4677-A5E8-AC8A929992B1}.Debug|Any CPU.Build.0 = Debug|Any CPU
		{705B8BC5-3F53-4677-A5E8-AC8A929992B1}.Release|Any CPU.ActiveCfg = Release|Any CPU
		{705B8BC5-3F53-4677-A5E8-AC8A929992B1}.Release|Any CPU.Build.0 = Release|Any CPU
		{E4038478-D289-4712-99F1-DDCACCA2F624}.Debug|Any CPU.ActiveCfg = Debug|Any CPU
		{E4038478-D289-4712-99F1-DDCACCA2F624}.Debug|Any CPU.Build.0 = Debug|Any CPU
		{E4038478-D289-4712-99F1-DDCACCA2F624}.Release|Any CPU.ActiveCfg = Release|Any CPU
		{E4038478-D289-4712-99F1-DDCACCA2F624}.Release|Any CPU.Build.0 = Release|Any CPU
		{37913EEE-BB14-4ED4-AC06-273543797F8B}.Debug|Any CPU.ActiveCfg = Debug|Any CPU
		{37913EEE-BB14-4ED4-AC06-273543797F8B}.Debug|Any CPU.Build.0 = Debug|Any CPU
		{37913EEE-BB14-4ED4-AC06-273543797F8B}.Release|Any CPU.ActiveCfg = Release|Any CPU
		{37913EEE-BB14-4ED4-AC06-273543797F8B}.Release|Any CPU.Build.0 = Release|Any CPU
		{A1B2C3D4-E5F6-7890-ABCD-EF1234567890}.Debug|Any CPU.ActiveCfg = Debug|Any CPU
		{A1B2C3D4-E5F6-7890-ABCD-EF1234567890}.Debug|Any CPU.Build.0 = Debug|Any CPU
		{A1B2C3D4-E5F6-7890-ABCD-EF1234567890}.Release|Any CPU.ActiveCfg = Release|Any CPU
		{A1B2C3D4-E5F6-7890-ABCD-EF1234567890}.Release|Any CPU.Build.0 = Release|Any CPU
		{B2C3D4E5-F678-90AB-CDEF-123456789ABC}.Debug|Any CPU.ActiveCfg = Debug|Any CPU
		{B2C3D4E5-F678-90AB-CDEF-123456789ABC}.Debug|Any CPU.Build.0 = Debug|Any CPU
		{B2C3D4E5-F678-90AB-CDEF-123456789ABC}.Release|Any CPU.ActiveCfg = Release|Any CPU
		{B2C3D4E5-F678-90AB-CDEF-123456789ABC}.Release|Any CPU.Build.0 = Release|Any CPU
		{C3D4E5F6-7890-ABCD-EF12-34567890ABCD}.Debug|Any CPU.ActiveCfg = Debug|Any CPU
		{C3D4E5F6-7890-ABCD-EF12-34567890ABCD}.Debug|Any CPU.Build.0 = Debug|Any CPU
		{C3D4E5F6-7890-ABCD-EF12-34567890ABCD}.Release|Any CPU.ActiveCfg = Release|Any CPU
		{C3D4E5F6-7890-ABCD-EF12-34567890ABCD}.Release|Any CPU.Build.0 = Release|Any CPU
		{D4E5F678-90AB-CDEF-1234-567890ABCDEF}.Debug|Any CPU.ActiveCfg = Debug|Any CPU
		{D4E5F678-90AB-CDEF-1234-567890ABCDEF}.Debug|Any CPU.Build.0 = Debug|Any CPU
		{D4E5F678-90AB-CDEF-1234-567890ABCDEF}.Release|Any CPU.ActiveCfg = Release|Any CPU
		{D4E5F678-90AB-CDEF-1234-567890ABCDEF}.Release|Any CPU.Build.0 = Release|Any CPU
		{E5F67890-ABCD-EF12-3456-7890ABCDEF01}.Debug|Any CPU.ActiveCfg = Debug|Any CPU
		{E5F67890-ABCD-EF12-3456-7890ABCDEF01}.Debug|Any CPU.Build.0 = Debug|Any CPU
		{E5F67890-ABCD-EF12-3456-7890ABCDEF01}.Release|Any CPU.ActiveCfg = Release|Any CPU
		{E5F67890-ABCD-EF12-3456-7890ABCDEF01}.Release|Any CPU.Build.0 = Release|Any CPU
		{F6789012-CDEF-0123-4567-890ABCDEF012}.Debug|Any CPU.ActiveCfg = Debug|Any CPU
		{F6789012-CDEF-0123-4567-890ABCDEF012}.Debug|Any CPU.Build.0 = Debug|Any CPU
		{F6789012-CDEF-0123-4567-890ABCDEF012}.Release|Any CPU.ActiveCfg = Release|Any CPU
		{F6789012-CDEF-0123-4567-890ABCDEF012}.Release|Any CPU.Build.0 = Release|Any CPU
		{3E465D59-33C3-4F90-B210-391B8152775D}.Debug|Any CPU.ActiveCfg = Debug|Any CPU
		{3E465D59-33C3-4F90-B210-391B8152775D}.Debug|Any CPU.Build.0 = Debug|Any CPU
		{3E465D59-33C3-4F90-B210-391B8152775D}.Release|Any CPU.ActiveCfg = Release|Any CPU
		{3E465D59-33C3-4F90-B210-391B8152775D}.Release|Any CPU.Build.0 = Release|Any CPU
		{E9CBC1D5-D3FE-4F5F-9783-A7D2B6375325}.Debug|Any CPU.ActiveCfg = Debug|Any CPU
		{E9CBC1D5-D3FE-4F5F-9783-A7D2B6375325}.Debug|Any CPU.Build.0 = Debug|Any CPU
		{E9CBC1D5-D3FE-4F5F-9783-A7D2B6375325}.Release|Any CPU.ActiveCfg = Release|Any CPU
		{E9CBC1D5-D3FE-4F5F-9783-A7D2B6375325}.Release|Any CPU.Build.0 = Release|Any CPU
	EndGlobalSection
	GlobalSection(NestedProjects) = preSolution
		{31A0546B-997F-443C-8723-5E1D4E648488} = {8E47A85D-1AB0-479F-96B0-5A4262C6BA2F}
		{C0ADDB3A-84C0-4461-88A2-A21F7C309F48} = {45978062-518E-4341-9209-17B5B0B6E831}
		{FDA7D2A4-2876-41E5-8361-7D2DFD380825} = {8E47A85D-1AB0-479F-96B0-5A4262C6BA2F}
		{B7A310AC-15B0-4BF0-BB38-F29787D86AB3} = {45978062-518E-4341-9209-17B5B0B6E831}
		{C79F41DE-174C-4AE8-B452-CC8BD6783327} = {8E47A85D-1AB0-479F-96B0-5A4262C6BA2F}
		{705B8BC5-3F53-4677-A5E8-AC8A929992B1} = {45978062-518E-4341-9209-17B5B0B6E831}
		{E4038478-D289-4712-99F1-DDCACCA2F624} = {8E47A85D-1AB0-479F-96B0-5A4262C6BA2F}
		{37913EEE-BB14-4ED4-AC06-273543797F8B} = {45978062-518E-4341-9209-17B5B0B6E831}
		{A1B2C3D4-E5F6-7890-ABCD-EF1234567890} = {8E47A85D-1AB0-479F-96B0-5A4262C6BA2F}
		{B2C3D4E5-F678-90AB-CDEF-123456789ABC} = {45978062-518E-4341-9209-17B5B0B6E831}
		{C3D4E5F6-7890-ABCD-EF12-34567890ABCD} = {8E47A85D-1AB0-479F-96B0-5A4262C6BA2F}
		{D4E5F678-90AB-CDEF-1234-567890ABCDEF} = {45978062-518E-4341-9209-17B5B0B6E831}
		{E5F67890-ABCD-EF12-3456-7890ABCDEF01} = {8E47A85D-1AB0-479F-96B0-5A4262C6BA2F}
		{F6789012-CDEF-0123-4567-890ABCDEF012} = {45978062-518E-4341-9209-17B5B0B6E831}
		{3E465D59-33C3-4F90-B210-391B8152775D} = {8E47A85D-1AB0-479F-96B0-5A4262C6BA2F}
		{E9CBC1D5-D3FE-4F5F-9783-A7D2B6375325} = {45978062-518E-4341-9209-17B5B0B6E831}
	EndGlobalSection
EndGlobal
